
Microsoft Visual Studio Solution File, Format Version 12.00
# Visual Studio Version 16
VisualStudioVersion = 16.0.34301.259
MinimumVisualStudioVersion = 10.0.40219.1
Project("{2150E333-8FDC-42A3-9474-1A3956D46DE8}") = "src", "src", "{41CD0635-440D-43E1-A0BA-52EC94A99D7F}"
EndProject
Project("{2150E333-8FDC-42A3-9474-1A3956D46DE8}") = "BuildingBlocks", "BuildingBlocks", "{24B683B9-6BA8-49E4-B9AC-33D0BD166451}"
EndProject
Project("{2150E333-8FDC-42A3-9474-1A3956D46DE8}") = "Services", "Services", "{CCB02BA1-B4DC-40CB-B0B2-ED8C4552647F}"
EndProject
Project("{2150E333-8FDC-42A3-9474-1A3956D46DE8}") = "Web", "Web", "{86DA94A7-6067-44D3-8356-8A626C4D75D6}"
EndProject
Project("{2150E333-8FDC-42A3-9474-1A3956D46DE8}") = "Identity", "Identity", "{F3794FCB-E4B0-46D4-A6AB-5EE8199592CE}"
EndProject
Project("{FAE04EC0-301F-11D3-BF4B-00C04F79EFBC}") = "CrmUno.Identity.API", "src\services\CrmUno.Identity.API\CrmUno.Identity.API.csproj", "{2D90DCB8-D57D-44ED-85D8-383D921DE13C}"
EndProject
Project("{2150E333-8FDC-42A3-9474-1A3956D46DE8}") = "MVC", "MVC", "{603271F1-15D6-4234-B0C9-960122DEF8EF}"
EndProject
Project("{FAE04EC0-301F-11D3-BF4B-00C04F79EFBC}") = "CrmUno.WebApp.MVC", "src\web\CrmUno.WebApp.MVC\CrmUno.WebApp.MVC.csproj", "{6655F390-C9A7-49DB-A734-F49879B2CAE9}"
EndProject
Project("{2150E333-8FDC-42A3-9474-1A3956D46DE8}") = "Core", "Core", "{A456D20A-7FAB-4D65-9200-1D65BCB4F3BF}"
EndProject
Project("{FAE04EC0-301F-11D3-BF4B-00C04F79EFBC}") = "CrmUno.BuildingBlocks.Core", "src\buildingblocks\CrmUno.BuildingBlocks.Core\CrmUno.BuildingBlocks.Core.csproj", "{73106C9A-00FD-4751-80C8-81D0805CA081}"
EndProject
Global
	GlobalSection(SolutionConfigurationPlatforms) = preSolution
		Debug|Any CPU = Debug|Any CPU
		Release|Any CPU = Release|Any CPU
	EndGlobalSection
	GlobalSection(ProjectConfigurationPlatforms) = postSolution
		{2D90DCB8-D57D-44ED-85D8-383D921DE13C}.Debug|Any CPU.ActiveCfg = Debug|Any CPU
		{2D90DCB8-D57D-44ED-85D8-383D921DE13C}.Debug|Any CPU.Build.0 = Debug|Any CPU
		{2D90DCB8-D57D-44ED-85D8-383D921DE13C}.Release|Any CPU.ActiveCfg = Release|Any CPU
		{2D90DCB8-D57D-44ED-85D8-383D921DE13C}.Release|Any CPU.Build.0 = Release|Any CPU
		{6655F390-C9A7-49DB-A734-F49879B2CAE9}.Debug|Any CPU.ActiveCfg = Debug|Any CPU
		{6655F390-C9A7-49DB-A734-F49879B2CAE9}.Debug|Any CPU.Build.0 = Debug|Any CPU
		{6655F390-C9A7-49DB-A734-F49879B2CAE9}.Release|Any CPU.ActiveCfg = Release|Any CPU
		{6655F390-C9A7-49DB-A734-F49879B2CAE9}.Release|Any CPU.Build.0 = Release|Any CPU
		{73106C9A-00FD-4751-80C8-81D0805CA081}.Debug|Any CPU.ActiveCfg = Debug|Any CPU
		{73106C9A-00FD-4751-80C8-81D0805CA081}.Debug|Any CPU.Build.0 = Debug|Any CPU
		{73106C9A-00FD-4751-80C8-81D0805CA081}.Release|Any CPU.ActiveCfg = Release|Any CPU
		{73106C9A-00FD-4751-80C8-81D0805CA081}.Release|Any CPU.Build.0 = Release|Any CPU
	EndGlobalSection
	GlobalSection(SolutionProperties) = preSolution
		HideSolutionNode = FALSE
	EndGlobalSection
	GlobalSection(NestedProjects) = preSolution
		{24B683B9-6BA8-49E4-B9AC-33D0BD166451} = {41CD0635-440D-43E1-A0BA-52EC94A99D7F}
		{CCB02BA1-B4DC-40CB-B0B2-ED8C4552647F} = {41CD0635-440D-43E1-A0BA-52EC94A99D7F}
		{86DA94A7-6067-44D3-8356-8A626C4D75D6} = {41CD0635-440D-43E1-A0BA-52EC94A99D7F}
		{F3794FCB-E4B0-46D4-A6AB-5EE8199592CE} = {CCB02BA1-B4DC-40CB-B0B2-ED8C4552647F}
		{2D90DCB8-D57D-44ED-85D8-383D921DE13C} = {F3794FCB-E4B0-46D4-A6AB-5EE8199592CE}
		{603271F1-15D6-4234-B0C9-960122DEF8EF} = {86DA94A7-6067-44D3-8356-8A626C4D75D6}
		{6655F390-C9A7-49DB-A734-F49879B2CAE9} = {603271F1-15D6-4234-B0C9-960122DEF8EF}
		{A456D20A-7FAB-4D65-9200-1D65BCB4F3BF} = {24B683B9-6BA8-49E4-B9AC-33D0BD166451}
		{73106C9A-00FD-4751-80C8-81D0805CA081} = {A456D20A-7FAB-4D65-9200-1D65BCB4F3BF}
	EndGlobalSection
	GlobalSection(ExtensibilityGlobals) = postSolution
		SolutionGuid = {FAA9F8CD-216B-49E9-A27E-607E91B60B3C}
	EndGlobalSection
EndGlobal
